
Microsoft Visual Studio Solution File, Format Version 12.00
# Visual Studio Version 16
VisualStudioVersion = 16.0.32002.261
MinimumVisualStudioVersion = 10.0.40219.1
Project("{FAE04EC0-301F-11D3-BF4B-00C04F79EFBC}") = "DBConnection02", "DBConnection02\DBConnection02.csproj", "{A149B9C4-4F25-49DE-88F4-A4197B3158F2}"
EndProject
Global
	GlobalSection(SolutionConfigurationPlatforms) = preSolution
		Debug|Any CPU = Debug|Any CPU
		Release|Any CPU = Release|Any CPU
	EndGlobalSection
	GlobalSection(ProjectConfigurationPlatforms) = postSolution
		{A149B9C4-4F25-49DE-88F4-A4197B3158F2}.Debug|Any CPU.ActiveCfg = Debug|Any CPU
		{A149B9C4-4F25-49DE-88F4-A4197B3158F2}.Debug|Any CPU.Build.0 = Debug|Any CPU
		{A149B9C4-4F25-49DE-88F4-A4197B3158F2}.Release|Any CPU.ActiveCfg = Release|Any CPU
		{A149B9C4-4F25-49DE-88F4-A4197B3158F2}.Release|Any CPU.Build.0 = Release|Any CPU
	EndGlobalSection
	GlobalSection(SolutionProperties) = preSolution
		HideSolutionNode = FALSE
	EndGlobalSection
	GlobalSection(ExtensibilityGlobals) = postSolution
		SolutionGuid = {D08959B3-1AB3-49BC-8FC3-1C26BE1E0BC8}
	EndGlobalSection
EndGlobal
