
Microsoft Visual Studio Solution File, Format Version 12.00
# Visual Studio Version 16
VisualStudioVersion = 16.0.32002.261
MinimumVisualStudioVersion = 10.0.40219.1
Project("{FAE04EC0-301F-11D3-BF4B-00C04F79EFBC}") = "exception02", "exception02\exception02.csproj", "{AB9D2667-2BC5-4BD7-8C02-48D0C41CD31E}"
EndProject
Global
	GlobalSection(SolutionConfigurationPlatforms) = preSolution
		Debug|Any CPU = Debug|Any CPU
		Release|Any CPU = Release|Any CPU
	EndGlobalSection
	GlobalSection(ProjectConfigurationPlatforms) = postSolution
		{AB9D2667-2BC5-4BD7-8C02-48D0C41CD31E}.Debug|Any CPU.ActiveCfg = Debug|Any CPU
		{AB9D2667-2BC5-4BD7-8C02-48D0C41CD31E}.Debug|Any CPU.Build.0 = Debug|Any CPU
		{AB9D2667-2BC5-4BD7-8C02-48D0C41CD31E}.Release|Any CPU.ActiveCfg = Release|Any CPU
		{AB9D2667-2BC5-4BD7-8C02-48D0C41CD31E}.Release|Any CPU.Build.0 = Release|Any CPU
	EndGlobalSection
	GlobalSection(SolutionProperties) = preSolution
		HideSolutionNode = FALSE
	EndGlobalSection
	GlobalSection(ExtensibilityGlobals) = postSolution
		SolutionGuid = {83E86A74-9CDF-4752-A828-D2E68EABBF21}
	EndGlobalSection
EndGlobal
