
Microsoft Visual Studio Solution File, Format Version 12.00
# Visual Studio Version 16
VisualStudioVersion = 16.0.32002.261
MinimumVisualStudioVersion = 10.0.40219.1
Project("{FAE04EC0-301F-11D3-BF4B-00C04F79EFBC}") = "radioButton01", "radioButton01\radioButton01.csproj", "{CE7D74CB-7418-4690-88E5-E2919B2A141E}"
EndProject
Global
	GlobalSection(SolutionConfigurationPlatforms) = preSolution
		Debug|Any CPU = Debug|Any CPU
		Release|Any CPU = Release|Any CPU
	EndGlobalSection
	GlobalSection(ProjectConfigurationPlatforms) = postSolution
		{CE7D74CB-7418-4690-88E5-E2919B2A141E}.Debug|Any CPU.ActiveCfg = Debug|Any CPU
		{CE7D74CB-7418-4690-88E5-E2919B2A141E}.Debug|Any CPU.Build.0 = Debug|Any CPU
		{CE7D74CB-7418-4690-88E5-E2919B2A141E}.Release|Any CPU.ActiveCfg = Release|Any CPU
		{CE7D74CB-7418-4690-88E5-E2919B2A141E}.Release|Any CPU.Build.0 = Release|Any CPU
	EndGlobalSection
	GlobalSection(SolutionProperties) = preSolution
		HideSolutionNode = FALSE
	EndGlobalSection
	GlobalSection(ExtensibilityGlobals) = postSolution
		SolutionGuid = {7F687FE0-2366-4788-8CDC-B689A289049F}
	EndGlobalSection
EndGlobal
