
Microsoft Visual Studio Solution File, Format Version 12.00
# Visual Studio Version 16
VisualStudioVersion = 16.0.32002.261
MinimumVisualStudioVersion = 10.0.40219.1
Project("{FAE04EC0-301F-11D3-BF4B-00C04F79EFBC}") = "BookManagementProgram", "BookManagementProgram\BookManagementProgram.csproj", "{FF0909AE-D49A-4B57-899C-DF210E11F4BB}"
EndProject
Global
	GlobalSection(SolutionConfigurationPlatforms) = preSolution
		Debug|Any CPU = Debug|Any CPU
		Release|Any CPU = Release|Any CPU
	EndGlobalSection
	GlobalSection(ProjectConfigurationPlatforms) = postSolution
		{FF0909AE-D49A-4B57-899C-DF210E11F4BB}.Debug|Any CPU.ActiveCfg = Debug|Any CPU
		{FF0909AE-D49A-4B57-899C-DF210E11F4BB}.Debug|Any CPU.Build.0 = Debug|Any CPU
		{FF0909AE-D49A-4B57-899C-DF210E11F4BB}.Release|Any CPU.ActiveCfg = Release|Any CPU
		{FF0909AE-D49A-4B57-899C-DF210E11F4BB}.Release|Any CPU.Build.0 = Release|Any CPU
	EndGlobalSection
	GlobalSection(SolutionProperties) = preSolution
		HideSolutionNode = FALSE
	EndGlobalSection
	GlobalSection(ExtensibilityGlobals) = postSolution
		SolutionGuid = {D3EB323B-3D9E-482F-B81F-3BC8D66D62D4}
	EndGlobalSection
EndGlobal
