
Microsoft Visual Studio Solution File, Format Version 12.00
# Visual Studio Version 17
VisualStudioVersion = 17.0.32112.339
MinimumVisualStudioVersion = 10.0.40219.1
Project("{FAE04EC0-301F-11D3-BF4B-00C04F79EFBC}") = "FileIO_Test", "FileIO_Test\FileIO_Test.csproj", "{ACF71DFB-1BFA-47AB-B055-0E3436DF97A4}"
EndProject
Global
	GlobalSection(SolutionConfigurationPlatforms) = preSolution
		Debug|Any CPU = Debug|Any CPU
		Release|Any CPU = Release|Any CPU
	EndGlobalSection
	GlobalSection(ProjectConfigurationPlatforms) = postSolution
		{ACF71DFB-1BFA-47AB-B055-0E3436DF97A4}.Debug|Any CPU.ActiveCfg = Debug|Any CPU
		{ACF71DFB-1BFA-47AB-B055-0E3436DF97A4}.Debug|Any CPU.Build.0 = Debug|Any CPU
		{ACF71DFB-1BFA-47AB-B055-0E3436DF97A4}.Release|Any CPU.ActiveCfg = Release|Any CPU
		{ACF71DFB-1BFA-47AB-B055-0E3436DF97A4}.Release|Any CPU.Build.0 = Release|Any CPU
	EndGlobalSection
	GlobalSection(SolutionProperties) = preSolution
		HideSolutionNode = FALSE
	EndGlobalSection
	GlobalSection(ExtensibilityGlobals) = postSolution
		SolutionGuid = {0EA14921-91A0-4A90-9BD1-2B817875B62C}
	EndGlobalSection
EndGlobal
