
Microsoft Visual Studio Solution File, Format Version 12.00
# Visual Studio Version 16
VisualStudioVersion = 16.0.32002.261
MinimumVisualStudioVersion = 10.0.40219.1
Project("{FAE04EC0-301F-11D3-BF4B-00C04F79EFBC}") = "CheckBox01", "CheckBox01\CheckBox01.csproj", "{BEFF5C23-9E0C-4BE4-ADE9-CC20E05EDC5F}"
EndProject
Global
	GlobalSection(SolutionConfigurationPlatforms) = preSolution
		Debug|Any CPU = Debug|Any CPU
		Release|Any CPU = Release|Any CPU
	EndGlobalSection
	GlobalSection(ProjectConfigurationPlatforms) = postSolution
		{BEFF5C23-9E0C-4BE4-ADE9-CC20E05EDC5F}.Debug|Any CPU.ActiveCfg = Debug|Any CPU
		{BEFF5C23-9E0C-4BE4-ADE9-CC20E05EDC5F}.Debug|Any CPU.Build.0 = Debug|Any CPU
		{BEFF5C23-9E0C-4BE4-ADE9-CC20E05EDC5F}.Release|Any CPU.ActiveCfg = Release|Any CPU
		{BEFF5C23-9E0C-4BE4-ADE9-CC20E05EDC5F}.Release|Any CPU.Build.0 = Release|Any CPU
	EndGlobalSection
	GlobalSection(SolutionProperties) = preSolution
		HideSolutionNode = FALSE
	EndGlobalSection
	GlobalSection(ExtensibilityGlobals) = postSolution
		SolutionGuid = {ABF29B04-C216-4821-9E80-1EC5219D952E}
	EndGlobalSection
EndGlobal
