
Microsoft Visual Studio Solution File, Format Version 12.00
# Visual Studio Version 16
VisualStudioVersion = 16.0.32002.261
MinimumVisualStudioVersion = 10.0.40219.1
Project("{FAE04EC0-301F-11D3-BF4B-00C04F79EFBC}") = "BinaryRead01", "BinaryRead01\BinaryRead01.csproj", "{EAC46F29-AE00-40DE-A6E8-60AA4207581E}"
EndProject
Global
	GlobalSection(SolutionConfigurationPlatforms) = preSolution
		Debug|Any CPU = Debug|Any CPU
		Release|Any CPU = Release|Any CPU
	EndGlobalSection
	GlobalSection(ProjectConfigurationPlatforms) = postSolution
		{EAC46F29-AE00-40DE-A6E8-60AA4207581E}.Debug|Any CPU.ActiveCfg = Debug|Any CPU
		{EAC46F29-AE00-40DE-A6E8-60AA4207581E}.Debug|Any CPU.Build.0 = Debug|Any CPU
		{EAC46F29-AE00-40DE-A6E8-60AA4207581E}.Release|Any CPU.ActiveCfg = Release|Any CPU
		{EAC46F29-AE00-40DE-A6E8-60AA4207581E}.Release|Any CPU.Build.0 = Release|Any CPU
	EndGlobalSection
	GlobalSection(SolutionProperties) = preSolution
		HideSolutionNode = FALSE
	EndGlobalSection
	GlobalSection(ExtensibilityGlobals) = postSolution
		SolutionGuid = {4D9ABF07-2D99-4DF2-9DEA-452261977647}
	EndGlobalSection
EndGlobal
