
Microsoft Visual Studio Solution File, Format Version 12.00
# Visual Studio Version 16
VisualStudioVersion = 16.0.32002.261
MinimumVisualStudioVersion = 10.0.40219.1
Project("{FAE04EC0-301F-11D3-BF4B-00C04F79EFBC}") = "delegateCalculate", "delegateCalculate\delegateCalculate.csproj", "{5B1B1E7F-6A13-45A9-BD57-D7566B43A749}"
EndProject
Global
	GlobalSection(SolutionConfigurationPlatforms) = preSolution
		Debug|Any CPU = Debug|Any CPU
		Release|Any CPU = Release|Any CPU
	EndGlobalSection
	GlobalSection(ProjectConfigurationPlatforms) = postSolution
		{5B1B1E7F-6A13-45A9-BD57-D7566B43A749}.Debug|Any CPU.ActiveCfg = Debug|Any CPU
		{5B1B1E7F-6A13-45A9-BD57-D7566B43A749}.Debug|Any CPU.Build.0 = Debug|Any CPU
		{5B1B1E7F-6A13-45A9-BD57-D7566B43A749}.Release|Any CPU.ActiveCfg = Release|Any CPU
		{5B1B1E7F-6A13-45A9-BD57-D7566B43A749}.Release|Any CPU.Build.0 = Release|Any CPU
	EndGlobalSection
	GlobalSection(SolutionProperties) = preSolution
		HideSolutionNode = FALSE
	EndGlobalSection
	GlobalSection(ExtensibilityGlobals) = postSolution
		SolutionGuid = {9231DABB-3343-4E48-94FC-45B6A17703A4}
	EndGlobalSection
EndGlobal
