
Microsoft Visual Studio Solution File, Format Version 12.00
# Visual Studio Version 16
VisualStudioVersion = 16.0.32002.261
MinimumVisualStudioVersion = 10.0.40219.1
Project("{FAE04EC0-301F-11D3-BF4B-00C04F79EFBC}") = "UdpClient01", "UdpClient01\UdpClient01.csproj", "{8610ABE3-CF11-475E-9402-0EE349123312}"
EndProject
Global
	GlobalSection(SolutionConfigurationPlatforms) = preSolution
		Debug|Any CPU = Debug|Any CPU
		Release|Any CPU = Release|Any CPU
	EndGlobalSection
	GlobalSection(ProjectConfigurationPlatforms) = postSolution
		{8610ABE3-CF11-475E-9402-0EE349123312}.Debug|Any CPU.ActiveCfg = Debug|Any CPU
		{8610ABE3-CF11-475E-9402-0EE349123312}.Debug|Any CPU.Build.0 = Debug|Any CPU
		{8610ABE3-CF11-475E-9402-0EE349123312}.Release|Any CPU.ActiveCfg = Release|Any CPU
		{8610ABE3-CF11-475E-9402-0EE349123312}.Release|Any CPU.Build.0 = Release|Any CPU
	EndGlobalSection
	GlobalSection(SolutionProperties) = preSolution
		HideSolutionNode = FALSE
	EndGlobalSection
	GlobalSection(ExtensibilityGlobals) = postSolution
		SolutionGuid = {4B3CCE8D-8061-47F4-AE28-8A65A57C1930}
	EndGlobalSection
EndGlobal
