
Microsoft Visual Studio Solution File, Format Version 12.00
# Visual Studio Version 16
VisualStudioVersion = 16.0.32002.261
MinimumVisualStudioVersion = 10.0.40219.1
Project("{FAE04EC0-301F-11D3-BF4B-00C04F79EFBC}") = "Thread06", "Thread06\Thread06.csproj", "{430DE3E0-4787-49DD-8314-8A68B8FBF646}"
EndProject
Global
	GlobalSection(SolutionConfigurationPlatforms) = preSolution
		Debug|Any CPU = Debug|Any CPU
		Release|Any CPU = Release|Any CPU
	EndGlobalSection
	GlobalSection(ProjectConfigurationPlatforms) = postSolution
		{430DE3E0-4787-49DD-8314-8A68B8FBF646}.Debug|Any CPU.ActiveCfg = Debug|Any CPU
		{430DE3E0-4787-49DD-8314-8A68B8FBF646}.Debug|Any CPU.Build.0 = Debug|Any CPU
		{430DE3E0-4787-49DD-8314-8A68B8FBF646}.Release|Any CPU.ActiveCfg = Release|Any CPU
		{430DE3E0-4787-49DD-8314-8A68B8FBF646}.Release|Any CPU.Build.0 = Release|Any CPU
	EndGlobalSection
	GlobalSection(SolutionProperties) = preSolution
		HideSolutionNode = FALSE
	EndGlobalSection
	GlobalSection(ExtensibilityGlobals) = postSolution
		SolutionGuid = {E7CD4CAA-C8D9-46CF-9CAD-1F6D690957ED}
	EndGlobalSection
EndGlobal
