
Microsoft Visual Studio Solution File, Format Version 12.00
# Visual Studio Version 16
VisualStudioVersion = 16.0.32002.261
MinimumVisualStudioVersion = 10.0.40219.1
Project("{FAE04EC0-301F-11D3-BF4B-00C04F79EFBC}") = "ifElse01", "ifElse01\ifElse01.csproj", "{B8DDAEC2-0FA9-4415-88DD-4BCB74E6B4EF}"
EndProject
Global
	GlobalSection(SolutionConfigurationPlatforms) = preSolution
		Debug|Any CPU = Debug|Any CPU
		Release|Any CPU = Release|Any CPU
	EndGlobalSection
	GlobalSection(ProjectConfigurationPlatforms) = postSolution
		{B8DDAEC2-0FA9-4415-88DD-4BCB74E6B4EF}.Debug|Any CPU.ActiveCfg = Debug|Any CPU
		{B8DDAEC2-0FA9-4415-88DD-4BCB74E6B4EF}.Debug|Any CPU.Build.0 = Debug|Any CPU
		{B8DDAEC2-0FA9-4415-88DD-4BCB74E6B4EF}.Release|Any CPU.ActiveCfg = Release|Any CPU
		{B8DDAEC2-0FA9-4415-88DD-4BCB74E6B4EF}.Release|Any CPU.Build.0 = Release|Any CPU
	EndGlobalSection
	GlobalSection(SolutionProperties) = preSolution
		HideSolutionNode = FALSE
	EndGlobalSection
	GlobalSection(ExtensibilityGlobals) = postSolution
		SolutionGuid = {4236033A-5847-47DD-986D-BCAFF9CA6832}
	EndGlobalSection
EndGlobal
