
Microsoft Visual Studio Solution File, Format Version 12.00
# Visual Studio Version 16
VisualStudioVersion = 16.0.32002.261
MinimumVisualStudioVersion = 10.0.40219.1
Project("{FAE04EC0-301F-11D3-BF4B-00C04F79EFBC}") = "ThreadLock03", "ThreadLock03\ThreadLock03.csproj", "{F8DBE815-25A6-4F64-AE8A-D777246C0083}"
EndProject
Global
	GlobalSection(SolutionConfigurationPlatforms) = preSolution
		Debug|Any CPU = Debug|Any CPU
		Release|Any CPU = Release|Any CPU
	EndGlobalSection
	GlobalSection(ProjectConfigurationPlatforms) = postSolution
		{F8DBE815-25A6-4F64-AE8A-D777246C0083}.Debug|Any CPU.ActiveCfg = Debug|Any CPU
		{F8DBE815-25A6-4F64-AE8A-D777246C0083}.Debug|Any CPU.Build.0 = Debug|Any CPU
		{F8DBE815-25A6-4F64-AE8A-D777246C0083}.Release|Any CPU.ActiveCfg = Release|Any CPU
		{F8DBE815-25A6-4F64-AE8A-D777246C0083}.Release|Any CPU.Build.0 = Release|Any CPU
	EndGlobalSection
	GlobalSection(SolutionProperties) = preSolution
		HideSolutionNode = FALSE
	EndGlobalSection
	GlobalSection(ExtensibilityGlobals) = postSolution
		SolutionGuid = {532A4ADF-7B70-4AF4-8537-B61E90F457F5}
	EndGlobalSection
EndGlobal
