
Microsoft Visual Studio Solution File, Format Version 12.00
# Visual Studio Version 16
VisualStudioVersion = 16.0.32002.261
MinimumVisualStudioVersion = 10.0.40219.1
Project("{FAE04EC0-301F-11D3-BF4B-00C04F79EFBC}") = "WinFormsMethod", "WinFormsMethod\WinFormsMethod.csproj", "{308C327D-690B-4659-AD55-FF12B621D9C0}"
EndProject
Global
	GlobalSection(SolutionConfigurationPlatforms) = preSolution
		Debug|Any CPU = Debug|Any CPU
		Release|Any CPU = Release|Any CPU
	EndGlobalSection
	GlobalSection(ProjectConfigurationPlatforms) = postSolution
		{308C327D-690B-4659-AD55-FF12B621D9C0}.Debug|Any CPU.ActiveCfg = Debug|Any CPU
		{308C327D-690B-4659-AD55-FF12B621D9C0}.Debug|Any CPU.Build.0 = Debug|Any CPU
		{308C327D-690B-4659-AD55-FF12B621D9C0}.Release|Any CPU.ActiveCfg = Release|Any CPU
		{308C327D-690B-4659-AD55-FF12B621D9C0}.Release|Any CPU.Build.0 = Release|Any CPU
	EndGlobalSection
	GlobalSection(SolutionProperties) = preSolution
		HideSolutionNode = FALSE
	EndGlobalSection
	GlobalSection(ExtensibilityGlobals) = postSolution
		SolutionGuid = {5C808D9D-2347-466E-97F0-FBA1204B14CC}
	EndGlobalSection
EndGlobal
