
Microsoft Visual Studio Solution File, Format Version 12.00
# Visual Studio Version 16
VisualStudioVersion = 16.0.32002.261
MinimumVisualStudioVersion = 10.0.40219.1
Project("{FAE04EC0-301F-11D3-BF4B-00C04F79EFBC}") = "ConsoleUdpChatServer", "ConsoleUdpChatServer\ConsoleUdpChatServer.csproj", "{1977CC7D-ED99-4CC2-8358-5F5D14B79689}"
EndProject
Global
	GlobalSection(SolutionConfigurationPlatforms) = preSolution
		Debug|Any CPU = Debug|Any CPU
		Release|Any CPU = Release|Any CPU
	EndGlobalSection
	GlobalSection(ProjectConfigurationPlatforms) = postSolution
		{1977CC7D-ED99-4CC2-8358-5F5D14B79689}.Debug|Any CPU.ActiveCfg = Debug|Any CPU
		{1977CC7D-ED99-4CC2-8358-5F5D14B79689}.Debug|Any CPU.Build.0 = Debug|Any CPU
		{1977CC7D-ED99-4CC2-8358-5F5D14B79689}.Release|Any CPU.ActiveCfg = Release|Any CPU
		{1977CC7D-ED99-4CC2-8358-5F5D14B79689}.Release|Any CPU.Build.0 = Release|Any CPU
	EndGlobalSection
	GlobalSection(SolutionProperties) = preSolution
		HideSolutionNode = FALSE
	EndGlobalSection
	GlobalSection(ExtensibilityGlobals) = postSolution
		SolutionGuid = {72A972AB-B2E0-4966-A126-75309D6F813B}
	EndGlobalSection
EndGlobal
