
Microsoft Visual Studio Solution File, Format Version 12.00
# Visual Studio Version 16
VisualStudioVersion = 16.0.32002.261
MinimumVisualStudioVersion = 10.0.40219.1
Project("{FAE04EC0-301F-11D3-BF4B-00C04F79EFBC}") = "WinFormsAppInheritance", "WinFormsAppInheritance\WinFormsAppInheritance.csproj", "{86D484F0-A9E9-4633-AC77-90F4BE38B0E7}"
EndProject
Global
	GlobalSection(SolutionConfigurationPlatforms) = preSolution
		Debug|Any CPU = Debug|Any CPU
		Release|Any CPU = Release|Any CPU
	EndGlobalSection
	GlobalSection(ProjectConfigurationPlatforms) = postSolution
		{86D484F0-A9E9-4633-AC77-90F4BE38B0E7}.Debug|Any CPU.ActiveCfg = Debug|Any CPU
		{86D484F0-A9E9-4633-AC77-90F4BE38B0E7}.Debug|Any CPU.Build.0 = Debug|Any CPU
		{86D484F0-A9E9-4633-AC77-90F4BE38B0E7}.Release|Any CPU.ActiveCfg = Release|Any CPU
		{86D484F0-A9E9-4633-AC77-90F4BE38B0E7}.Release|Any CPU.Build.0 = Release|Any CPU
	EndGlobalSection
	GlobalSection(SolutionProperties) = preSolution
		HideSolutionNode = FALSE
	EndGlobalSection
	GlobalSection(ExtensibilityGlobals) = postSolution
		SolutionGuid = {1BDFA0FC-FBA0-461F-A2F7-C1454BC5BCAC}
	EndGlobalSection
EndGlobal
