
Microsoft Visual Studio Solution File, Format Version 12.00
# Visual Studio Version 16
VisualStudioVersion = 16.0.32002.261
MinimumVisualStudioVersion = 10.0.40219.1
Project("{FAE04EC0-301F-11D3-BF4B-00C04F79EFBC}") = "browserTest", "browserTest\browserTest.csproj", "{34570913-DBE4-4A86-B4D2-88FC5AD948BA}"
EndProject
Global
	GlobalSection(SolutionConfigurationPlatforms) = preSolution
		Debug|Any CPU = Debug|Any CPU
		Release|Any CPU = Release|Any CPU
	EndGlobalSection
	GlobalSection(ProjectConfigurationPlatforms) = postSolution
		{34570913-DBE4-4A86-B4D2-88FC5AD948BA}.Debug|Any CPU.ActiveCfg = Debug|Any CPU
		{34570913-DBE4-4A86-B4D2-88FC5AD948BA}.Debug|Any CPU.Build.0 = Debug|Any CPU
		{34570913-DBE4-4A86-B4D2-88FC5AD948BA}.Release|Any CPU.ActiveCfg = Release|Any CPU
		{34570913-DBE4-4A86-B4D2-88FC5AD948BA}.Release|Any CPU.Build.0 = Release|Any CPU
	EndGlobalSection
	GlobalSection(SolutionProperties) = preSolution
		HideSolutionNode = FALSE
	EndGlobalSection
	GlobalSection(ExtensibilityGlobals) = postSolution
		SolutionGuid = {0C40B544-DD43-4525-B85C-9DF39B068B5C}
	EndGlobalSection
EndGlobal
