
Microsoft Visual Studio Solution File, Format Version 12.00
# Visual Studio Version 16
VisualStudioVersion = 16.0.32002.261
MinimumVisualStudioVersion = 10.0.40219.1
Project("{FAE04EC0-301F-11D3-BF4B-00C04F79EFBC}") = "thread01", "thread01\thread01.csproj", "{AFBFB43D-02C9-49CF-B7FD-879C430F1722}"
EndProject
Global
	GlobalSection(SolutionConfigurationPlatforms) = preSolution
		Debug|Any CPU = Debug|Any CPU
		Release|Any CPU = Release|Any CPU
	EndGlobalSection
	GlobalSection(ProjectConfigurationPlatforms) = postSolution
		{AFBFB43D-02C9-49CF-B7FD-879C430F1722}.Debug|Any CPU.ActiveCfg = Debug|Any CPU
		{AFBFB43D-02C9-49CF-B7FD-879C430F1722}.Debug|Any CPU.Build.0 = Debug|Any CPU
		{AFBFB43D-02C9-49CF-B7FD-879C430F1722}.Release|Any CPU.ActiveCfg = Release|Any CPU
		{AFBFB43D-02C9-49CF-B7FD-879C430F1722}.Release|Any CPU.Build.0 = Release|Any CPU
	EndGlobalSection
	GlobalSection(SolutionProperties) = preSolution
		HideSolutionNode = FALSE
	EndGlobalSection
	GlobalSection(ExtensibilityGlobals) = postSolution
		SolutionGuid = {1D73FEEF-193C-40B0-BCBF-6015D8737A91}
	EndGlobalSection
EndGlobal
