
Microsoft Visual Studio Solution File, Format Version 12.00
# Visual Studio Version 16
VisualStudioVersion = 16.0.32002.261
MinimumVisualStudioVersion = 10.0.40219.1
Project("{FAE04EC0-301F-11D3-BF4B-00C04F79EFBC}") = "ThreadLock04", "ThreadLock04\ThreadLock04.csproj", "{30D484AE-18E8-4CC0-B4B6-72D31C1CD8BD}"
EndProject
Global
	GlobalSection(SolutionConfigurationPlatforms) = preSolution
		Debug|Any CPU = Debug|Any CPU
		Release|Any CPU = Release|Any CPU
	EndGlobalSection
	GlobalSection(ProjectConfigurationPlatforms) = postSolution
		{30D484AE-18E8-4CC0-B4B6-72D31C1CD8BD}.Debug|Any CPU.ActiveCfg = Debug|Any CPU
		{30D484AE-18E8-4CC0-B4B6-72D31C1CD8BD}.Debug|Any CPU.Build.0 = Debug|Any CPU
		{30D484AE-18E8-4CC0-B4B6-72D31C1CD8BD}.Release|Any CPU.ActiveCfg = Release|Any CPU
		{30D484AE-18E8-4CC0-B4B6-72D31C1CD8BD}.Release|Any CPU.Build.0 = Release|Any CPU
	EndGlobalSection
	GlobalSection(SolutionProperties) = preSolution
		HideSolutionNode = FALSE
	EndGlobalSection
	GlobalSection(ExtensibilityGlobals) = postSolution
		SolutionGuid = {CA624311-C37A-4714-BEEE-BB431848A184}
	EndGlobalSection
EndGlobal
