
Microsoft Visual Studio Solution File, Format Version 12.00
# Visual Studio Version 16
VisualStudioVersion = 16.0.32002.261
MinimumVisualStudioVersion = 10.0.40219.1
Project("{FAE04EC0-301F-11D3-BF4B-00C04F79EFBC}") = "foreachTest01", "foreachTest01\foreachTest01.csproj", "{19C2A08E-FE0E-43BA-B3DE-6D77EF24E1EA}"
EndProject
Global
	GlobalSection(SolutionConfigurationPlatforms) = preSolution
		Debug|Any CPU = Debug|Any CPU
		Release|Any CPU = Release|Any CPU
	EndGlobalSection
	GlobalSection(ProjectConfigurationPlatforms) = postSolution
		{19C2A08E-FE0E-43BA-B3DE-6D77EF24E1EA}.Debug|Any CPU.ActiveCfg = Debug|Any CPU
		{19C2A08E-FE0E-43BA-B3DE-6D77EF24E1EA}.Debug|Any CPU.Build.0 = Debug|Any CPU
		{19C2A08E-FE0E-43BA-B3DE-6D77EF24E1EA}.Release|Any CPU.ActiveCfg = Release|Any CPU
		{19C2A08E-FE0E-43BA-B3DE-6D77EF24E1EA}.Release|Any CPU.Build.0 = Release|Any CPU
	EndGlobalSection
	GlobalSection(SolutionProperties) = preSolution
		HideSolutionNode = FALSE
	EndGlobalSection
	GlobalSection(ExtensibilityGlobals) = postSolution
		SolutionGuid = {36668482-0C79-497B-8FE4-8D432994CDC0}
	EndGlobalSection
EndGlobal
