
Microsoft Visual Studio Solution File, Format Version 12.00
# Visual Studio Version 16
VisualStudioVersion = 16.0.32002.261
MinimumVisualStudioVersion = 10.0.40219.1
Project("{FAE04EC0-301F-11D3-BF4B-00C04F79EFBC}") = "TcpListener02", "TcpListener02\TcpListener02.csproj", "{B42183C9-9D36-400B-B16A-BEF47E77F877}"
EndProject
Global
	GlobalSection(SolutionConfigurationPlatforms) = preSolution
		Debug|Any CPU = Debug|Any CPU
		Release|Any CPU = Release|Any CPU
	EndGlobalSection
	GlobalSection(ProjectConfigurationPlatforms) = postSolution
		{B42183C9-9D36-400B-B16A-BEF47E77F877}.Debug|Any CPU.ActiveCfg = Debug|Any CPU
		{B42183C9-9D36-400B-B16A-BEF47E77F877}.Debug|Any CPU.Build.0 = Debug|Any CPU
		{B42183C9-9D36-400B-B16A-BEF47E77F877}.Release|Any CPU.ActiveCfg = Release|Any CPU
		{B42183C9-9D36-400B-B16A-BEF47E77F877}.Release|Any CPU.Build.0 = Release|Any CPU
	EndGlobalSection
	GlobalSection(SolutionProperties) = preSolution
		HideSolutionNode = FALSE
	EndGlobalSection
	GlobalSection(ExtensibilityGlobals) = postSolution
		SolutionGuid = {4FC92BE2-188F-4132-8B28-9B224E541A62}
	EndGlobalSection
EndGlobal
