
Microsoft Visual Studio Solution File, Format Version 12.00
# Visual Studio Version 17
VisualStudioVersion = 17.0.32112.339
MinimumVisualStudioVersion = 10.0.40219.1
Project("{FAE04EC0-301F-11D3-BF4B-00C04F79EFBC}") = "GriffinFrameWork1", "GriffinFrameWork1\GriffinFrameWork1.csproj", "{D10A4A01-DDD2-45FD-8ECC-28DC7245AF2E}"
EndProject
Project("{FAE04EC0-301F-11D3-BF4B-00C04F79EFBC}") = "ClientTest", "ClientTest\ClientTest.csproj", "{D85C4E7F-394E-421B-AECA-EA5D61458561}"
EndProject
Project("{FAE04EC0-301F-11D3-BF4B-00C04F79EFBC}") = "GriffinFrameWork2", "GriffinFrameWork2\GriffinFrameWork2.csproj", "{78384A8A-F926-4D27-A282-AAE07C6FF28D}"
EndProject
Global
	GlobalSection(SolutionConfigurationPlatforms) = preSolution
		Debug|Any CPU = Debug|Any CPU
		Release|Any CPU = Release|Any CPU
	EndGlobalSection
	GlobalSection(ProjectConfigurationPlatforms) = postSolution
		{D10A4A01-DDD2-45FD-8ECC-28DC7245AF2E}.Debug|Any CPU.ActiveCfg = Debug|Any CPU
		{D10A4A01-DDD2-45FD-8ECC-28DC7245AF2E}.Debug|Any CPU.Build.0 = Debug|Any CPU
		{D10A4A01-DDD2-45FD-8ECC-28DC7245AF2E}.Release|Any CPU.ActiveCfg = Release|Any CPU
		{D10A4A01-DDD2-45FD-8ECC-28DC7245AF2E}.Release|Any CPU.Build.0 = Release|Any CPU
		{D85C4E7F-394E-421B-AECA-EA5D61458561}.Debug|Any CPU.ActiveCfg = Debug|Any CPU
		{D85C4E7F-394E-421B-AECA-EA5D61458561}.Debug|Any CPU.Build.0 = Debug|Any CPU
		{D85C4E7F-394E-421B-AECA-EA5D61458561}.Release|Any CPU.ActiveCfg = Release|Any CPU
		{D85C4E7F-394E-421B-AECA-EA5D61458561}.Release|Any CPU.Build.0 = Release|Any CPU
		{78384A8A-F926-4D27-A282-AAE07C6FF28D}.Debug|Any CPU.ActiveCfg = Debug|Any CPU
		{78384A8A-F926-4D27-A282-AAE07C6FF28D}.Debug|Any CPU.Build.0 = Debug|Any CPU
		{78384A8A-F926-4D27-A282-AAE07C6FF28D}.Release|Any CPU.ActiveCfg = Release|Any CPU
		{78384A8A-F926-4D27-A282-AAE07C6FF28D}.Release|Any CPU.Build.0 = Release|Any CPU
	EndGlobalSection
	GlobalSection(SolutionProperties) = preSolution
		HideSolutionNode = FALSE
	EndGlobalSection
	GlobalSection(ExtensibilityGlobals) = postSolution
		SolutionGuid = {24BD9B5D-09A4-4D06-A5E7-6232A5770A4C}
	EndGlobalSection
EndGlobal
