
Microsoft Visual Studio Solution File, Format Version 12.00
# Visual Studio Version 16
VisualStudioVersion = 16.0.32002.261
MinimumVisualStudioVersion = 10.0.40219.1
Project("{FAE04EC0-301F-11D3-BF4B-00C04F79EFBC}") = "FirstFromApplication", "FirstFromApplication\FirstFromApplication.csproj", "{E29D6108-7AC3-4C9E-86EA-98773A17C547}"
EndProject
Global
	GlobalSection(SolutionConfigurationPlatforms) = preSolution
		Debug|Any CPU = Debug|Any CPU
		Release|Any CPU = Release|Any CPU
	EndGlobalSection
	GlobalSection(ProjectConfigurationPlatforms) = postSolution
		{E29D6108-7AC3-4C9E-86EA-98773A17C547}.Debug|Any CPU.ActiveCfg = Debug|Any CPU
		{E29D6108-7AC3-4C9E-86EA-98773A17C547}.Debug|Any CPU.Build.0 = Debug|Any CPU
		{E29D6108-7AC3-4C9E-86EA-98773A17C547}.Release|Any CPU.ActiveCfg = Release|Any CPU
		{E29D6108-7AC3-4C9E-86EA-98773A17C547}.Release|Any CPU.Build.0 = Release|Any CPU
	EndGlobalSection
	GlobalSection(SolutionProperties) = preSolution
		HideSolutionNode = FALSE
	EndGlobalSection
	GlobalSection(ExtensibilityGlobals) = postSolution
		SolutionGuid = {73E830B9-CFE2-4C79-A897-B9190FB79F2B}
	EndGlobalSection
EndGlobal
