
Microsoft Visual Studio Solution File, Format Version 12.00
# Visual Studio Version 16
VisualStudioVersion = 16.0.32002.261
MinimumVisualStudioVersion = 10.0.40219.1
Project("{FAE04EC0-301F-11D3-BF4B-00C04F79EFBC}") = "AsynTest02", "AsynTest02\AsynTest02.csproj", "{9B4D0A0D-7050-465F-B79B-63AAA628E2A6}"
EndProject
Global
	GlobalSection(SolutionConfigurationPlatforms) = preSolution
		Debug|Any CPU = Debug|Any CPU
		Release|Any CPU = Release|Any CPU
	EndGlobalSection
	GlobalSection(ProjectConfigurationPlatforms) = postSolution
		{9B4D0A0D-7050-465F-B79B-63AAA628E2A6}.Debug|Any CPU.ActiveCfg = Debug|Any CPU
		{9B4D0A0D-7050-465F-B79B-63AAA628E2A6}.Debug|Any CPU.Build.0 = Debug|Any CPU
		{9B4D0A0D-7050-465F-B79B-63AAA628E2A6}.Release|Any CPU.ActiveCfg = Release|Any CPU
		{9B4D0A0D-7050-465F-B79B-63AAA628E2A6}.Release|Any CPU.Build.0 = Release|Any CPU
	EndGlobalSection
	GlobalSection(SolutionProperties) = preSolution
		HideSolutionNode = FALSE
	EndGlobalSection
	GlobalSection(ExtensibilityGlobals) = postSolution
		SolutionGuid = {B52DD2F9-C8B0-4D7F-AC97-219E6B4B5D4E}
	EndGlobalSection
EndGlobal
