
Microsoft Visual Studio Solution File, Format Version 12.00
# Visual Studio Version 16
VisualStudioVersion = 16.0.32002.261
MinimumVisualStudioVersion = 10.0.40219.1
Project("{FAE04EC0-301F-11D3-BF4B-00C04F79EFBC}") = "WinFormDBConnection01", "WinFormDBConnection01\WinFormDBConnection01.csproj", "{76B80DE1-1752-4BE9-A3D1-D831488C77E2}"
EndProject
Global
	GlobalSection(SolutionConfigurationPlatforms) = preSolution
		Debug|Any CPU = Debug|Any CPU
		Release|Any CPU = Release|Any CPU
	EndGlobalSection
	GlobalSection(ProjectConfigurationPlatforms) = postSolution
		{76B80DE1-1752-4BE9-A3D1-D831488C77E2}.Debug|Any CPU.ActiveCfg = Debug|Any CPU
		{76B80DE1-1752-4BE9-A3D1-D831488C77E2}.Debug|Any CPU.Build.0 = Debug|Any CPU
		{76B80DE1-1752-4BE9-A3D1-D831488C77E2}.Release|Any CPU.ActiveCfg = Release|Any CPU
		{76B80DE1-1752-4BE9-A3D1-D831488C77E2}.Release|Any CPU.Build.0 = Release|Any CPU
	EndGlobalSection
	GlobalSection(SolutionProperties) = preSolution
		HideSolutionNode = FALSE
	EndGlobalSection
	GlobalSection(ExtensibilityGlobals) = postSolution
		SolutionGuid = {4FF01511-67EF-4DEE-863B-DE2A4BF774D3}
	EndGlobalSection
EndGlobal
