
Microsoft Visual Studio Solution File, Format Version 12.00
# Visual Studio Version 16
VisualStudioVersion = 16.0.32002.261
MinimumVisualStudioVersion = 10.0.40219.1
Project("{FAE04EC0-301F-11D3-BF4B-00C04F79EFBC}") = "Thread07", "Thread07\Thread07.csproj", "{C9FF693C-6B69-49CE-81B0-C04F93EBD460}"
EndProject
Global
	GlobalSection(SolutionConfigurationPlatforms) = preSolution
		Debug|Any CPU = Debug|Any CPU
		Release|Any CPU = Release|Any CPU
	EndGlobalSection
	GlobalSection(ProjectConfigurationPlatforms) = postSolution
		{C9FF693C-6B69-49CE-81B0-C04F93EBD460}.Debug|Any CPU.ActiveCfg = Debug|Any CPU
		{C9FF693C-6B69-49CE-81B0-C04F93EBD460}.Debug|Any CPU.Build.0 = Debug|Any CPU
		{C9FF693C-6B69-49CE-81B0-C04F93EBD460}.Release|Any CPU.ActiveCfg = Release|Any CPU
		{C9FF693C-6B69-49CE-81B0-C04F93EBD460}.Release|Any CPU.Build.0 = Release|Any CPU
	EndGlobalSection
	GlobalSection(SolutionProperties) = preSolution
		HideSolutionNode = FALSE
	EndGlobalSection
	GlobalSection(ExtensibilityGlobals) = postSolution
		SolutionGuid = {7437C222-C872-421C-BD8F-52147EF00BB0}
	EndGlobalSection
EndGlobal
