
Microsoft Visual Studio Solution File, Format Version 12.00
# Visual Studio Version 16
VisualStudioVersion = 16.0.32002.261
MinimumVisualStudioVersion = 10.0.40219.1
Project("{FAE04EC0-301F-11D3-BF4B-00C04F79EFBC}") = "hiding2", "hiding2\hiding2.csproj", "{FBED71BB-6FF0-4795-97B5-AFA9E9489CCD}"
EndProject
Global
	GlobalSection(SolutionConfigurationPlatforms) = preSolution
		Debug|Any CPU = Debug|Any CPU
		Release|Any CPU = Release|Any CPU
	EndGlobalSection
	GlobalSection(ProjectConfigurationPlatforms) = postSolution
		{FBED71BB-6FF0-4795-97B5-AFA9E9489CCD}.Debug|Any CPU.ActiveCfg = Debug|Any CPU
		{FBED71BB-6FF0-4795-97B5-AFA9E9489CCD}.Debug|Any CPU.Build.0 = Debug|Any CPU
		{FBED71BB-6FF0-4795-97B5-AFA9E9489CCD}.Release|Any CPU.ActiveCfg = Release|Any CPU
		{FBED71BB-6FF0-4795-97B5-AFA9E9489CCD}.Release|Any CPU.Build.0 = Release|Any CPU
	EndGlobalSection
	GlobalSection(SolutionProperties) = preSolution
		HideSolutionNode = FALSE
	EndGlobalSection
	GlobalSection(ExtensibilityGlobals) = postSolution
		SolutionGuid = {29E1091B-398C-44F6-A572-73B7BEC82495}
	EndGlobalSection
EndGlobal
