
Microsoft Visual Studio Solution File, Format Version 12.00
# Visual Studio Version 17
VisualStudioVersion = 17.0.32112.339
MinimumVisualStudioVersion = 10.0.40219.1
Project("{FAE04EC0-301F-11D3-BF4B-00C04F79EFBC}") = "DemoInGitSSL", "DemoInGitSSL\DemoInGitSSL.csproj", "{3F993524-CE97-4536-9627-5A2FAAF8AE0F}"
EndProject
Global
	GlobalSection(SolutionConfigurationPlatforms) = preSolution
		Debug|Any CPU = Debug|Any CPU
		Release|Any CPU = Release|Any CPU
	EndGlobalSection
	GlobalSection(ProjectConfigurationPlatforms) = postSolution
		{3F993524-CE97-4536-9627-5A2FAAF8AE0F}.Debug|Any CPU.ActiveCfg = Debug|Any CPU
		{3F993524-CE97-4536-9627-5A2FAAF8AE0F}.Debug|Any CPU.Build.0 = Debug|Any CPU
		{3F993524-CE97-4536-9627-5A2FAAF8AE0F}.Release|Any CPU.ActiveCfg = Release|Any CPU
		{3F993524-CE97-4536-9627-5A2FAAF8AE0F}.Release|Any CPU.Build.0 = Release|Any CPU
	EndGlobalSection
	GlobalSection(SolutionProperties) = preSolution
		HideSolutionNode = FALSE
	EndGlobalSection
	GlobalSection(ExtensibilityGlobals) = postSolution
		SolutionGuid = {0DEBCB12-DDF2-4C0D-A8E2-DDC3CDBFF4A3}
	EndGlobalSection
EndGlobal
