
Microsoft Visual Studio Solution File, Format Version 12.00
# Visual Studio Version 16
VisualStudioVersion = 16.0.32002.261
MinimumVisualStudioVersion = 10.0.40219.1
Project("{FAE04EC0-301F-11D3-BF4B-00C04F79EFBC}") = "SingletonPattern02", "SingletonPattern02\SingletonPattern02.csproj", "{DBAA3B5B-99DA-436F-B050-6E05C9301DDA}"
EndProject
Global
	GlobalSection(SolutionConfigurationPlatforms) = preSolution
		Debug|Any CPU = Debug|Any CPU
		Release|Any CPU = Release|Any CPU
	EndGlobalSection
	GlobalSection(ProjectConfigurationPlatforms) = postSolution
		{DBAA3B5B-99DA-436F-B050-6E05C9301DDA}.Debug|Any CPU.ActiveCfg = Debug|Any CPU
		{DBAA3B5B-99DA-436F-B050-6E05C9301DDA}.Debug|Any CPU.Build.0 = Debug|Any CPU
		{DBAA3B5B-99DA-436F-B050-6E05C9301DDA}.Release|Any CPU.ActiveCfg = Release|Any CPU
		{DBAA3B5B-99DA-436F-B050-6E05C9301DDA}.Release|Any CPU.Build.0 = Release|Any CPU
	EndGlobalSection
	GlobalSection(SolutionProperties) = preSolution
		HideSolutionNode = FALSE
	EndGlobalSection
	GlobalSection(ExtensibilityGlobals) = postSolution
		SolutionGuid = {AA66B731-31C4-411D-9A38-EDD39303A747}
	EndGlobalSection
EndGlobal
