
Microsoft Visual Studio Solution File, Format Version 12.00
# Visual Studio Version 16
VisualStudioVersion = 16.0.32002.261
MinimumVisualStudioVersion = 10.0.40219.1
Project("{FAE04EC0-301F-11D3-BF4B-00C04F79EFBC}") = "ThreadMutex01", "ThreadMutex01\ThreadMutex01.csproj", "{A8908CC6-384F-45C4-B25F-C44B7A1BEBD8}"
EndProject
Global
	GlobalSection(SolutionConfigurationPlatforms) = preSolution
		Debug|Any CPU = Debug|Any CPU
		Release|Any CPU = Release|Any CPU
	EndGlobalSection
	GlobalSection(ProjectConfigurationPlatforms) = postSolution
		{A8908CC6-384F-45C4-B25F-C44B7A1BEBD8}.Debug|Any CPU.ActiveCfg = Debug|Any CPU
		{A8908CC6-384F-45C4-B25F-C44B7A1BEBD8}.Debug|Any CPU.Build.0 = Debug|Any CPU
		{A8908CC6-384F-45C4-B25F-C44B7A1BEBD8}.Release|Any CPU.ActiveCfg = Release|Any CPU
		{A8908CC6-384F-45C4-B25F-C44B7A1BEBD8}.Release|Any CPU.Build.0 = Release|Any CPU
	EndGlobalSection
	GlobalSection(SolutionProperties) = preSolution
		HideSolutionNode = FALSE
	EndGlobalSection
	GlobalSection(ExtensibilityGlobals) = postSolution
		SolutionGuid = {7F1F50FA-A663-45F7-9E99-DD99408449A6}
	EndGlobalSection
EndGlobal
